# THIS IS AN AUTOGENERATED FILE. DO NOT EDIT THIS FILE DIRECTLY.
# yarn lockfile v1


assemblyscript@^0.18.23:
  version "0.18.23"
  resolved "https://registry.yarnpkg.com/assemblyscript/-/assemblyscript-0.18.23.tgz#c7d4a6c28a7d63cc2d788bc73896304f726b628a"
  integrity sha512-INs8ZuV+L9E77UFZB2mK3u+85StkB/H2/kjQV0282IKgzojCH6Rw+NyS1SN5im2rT6/RmMtouWvpmHoet18IjQ==
  dependencies:
    binaryen "100.0.0"
    long "^4.0.0"

binaryen@100.0.0:
  version "100.0.0"
  resolved "https://registry.yarnpkg.com/binaryen/-/binaryen-100.0.0.tgz#8ed91955eff14eb4758d68d593869cbc1a9a0dff"
  integrity sha512-nxOt8d8/VXAuSVEtAWUdKrqpqCy365QqD223EzzB1GzS5himiZAfM/R5lXx+M/5q8TB8cYp3tYxv5rTjNTJveQ==

long@^4.0.0:
  version "4.0.0"
  resolved "https://registry.yarnpkg.com/long/-/long-4.0.0.tgz#9a7b71cfb7d361a194ea555241c92f7468d5bf28"
  integrity sha512-XsP+KhQif4bjX1kbuSiySJFNAehNxgLb6hPRGJ9QsUr8ajHkuXGdrHmFUTUUXhDwVX2R5bY4JNZEwbUiMhV+MA==
